# This file was autogenerated by Stack.
# You should not edit this file by hand.
# For more information, please see the documentation at:
#   https://docs.haskellstack.org/en/stable/lock_files

packages:
- completed:
    hackage: gamma-0.10.0.0@sha256:0d666fc486899a2e22f44aec1aa32c168e0803e6c2ddb266a18a07700ca5d95b,2051
    pantry-tree:
      size: 925
      sha256: 696ffa11ea5b4f707aadeea0453ff89e938d4a55fc8629d9700b37d07aeda2bb
  original:
    hackage: gamma-0.10.0.0
- completed:
    hackage: continued-fractions-0.10.0.2@sha256:82808ad1721046ca406659331402c5d894946d974f9ba4925931e9c7e6934549,1782
    pantry-tree:
      size: 400
      sha256: a71c87f48b29acb49ae1d85ce4a0fd86763411657c5bcadec78abb070ac6b94c
  original:
    hackage: continued-fractions-0.10.0.2
- completed:
    hackage: converge-0.1.0.1@sha256:47e5534a30ab798062012c003df12efcb9b3fbc63ac4f80525dcfc70737f1dc0,1203
    pantry-tree:
      size: 176
      sha256: ab6d6806d42f704168db1e9a52893daff67fd2d5b98f915a17e69d158492ccf6
  original:
    hackage: converge-0.1.0.1
- completed:
    hackage: math-functions-0.3.4.2@sha256:5d942f0d6478c2a6b22049c033943538f8dd357c66ff874d328082136433cafb,4791
    pantry-tree:
      size: 3112
      sha256: d966a0e79bb1d7acfc3f07d1a56a2f0b9c34330dc812edd3d47f9ab9f2f23429
  original:
    hackage: math-functions-0.3.4.2
- completed:
    hackage: Histogram-0.1.0.2@sha256:094e78070fa1d833cce39b4a1396324858c8811e3cb80b569b7407aea2b18e33,483
    pantry-tree:
      size: 172
      sha256: 015d73c5158b4eb5a15e9e7f72b49dfc4e17ddf3f26cba8edb2c46cf0bab33d8
  original:
    hackage: Histogram-0.1.0.2
- completed:
    hackage: matplotlib-0.7.5@sha256:efc7c0b36f53f0c9b23a81b937e5613d1b077ba9218e00eb1080cec3b578ead6,2106
    pantry-tree:
      size: 461
      sha256: 0cc2f798644d902e496f198dd1640d4980c9773265158c631875a47afc303adb
  original:
    hackage: matplotlib-0.7.5
snapshots:
- completed:
    size: 590102
    url: https://raw.githubusercontent.com/commercialhaskell/stackage-snapshots/master/lts/18/27.yaml
    sha256: 79a786674930a89301b0e908fad2822a48882f3d01486117693c377b8edffdbe
  original: lts-18.27
